<?xml version="1.0" encoding="utf-8"?>
<Project ToolsVersion="4.0" xmlns="http://schemas.microsoft.com/developer/msbuild/2003">
  <ItemGroup>
    <Filter Include="Source Files">
      <UniqueIdentifier>{0fee61a6-a4d2-4063-88db-b3d41e25cfcd}</UniqueIdentifier>
      <Extensions>cpp;c;cxx;rc;def;r;odl;idl;hpj;bat</Extensions>
    </Filter>
    <Filter Include="Header Files">
      <UniqueIdentifier>{a1ac1743-2f10-45b3-a8ff-4017ffe29897}</UniqueIdentifier>
      <Extensions>h;hpp;hxx;hm;inl</Extensions>
    </Filter>
    <Filter Include="Resource Files">
      <UniqueIdentifier>{f9057c5f-9bc6-45e8-8e03-ff4845073499}</UniqueIdentifier>
      <Extensions>ico;cur;bmp;dlg;rc2;rct;bin;rgs;gif;jpg;jpeg;jpe</Extensions>
    </Filter>
  </ItemGroup>
  <ItemGroup>
    <ClCompile Include="zlib\adler32.c">
      <Filter>Source Files</Filter>
    </ClCompile>
    <ClCompile Include="bz2\blocksort.c">
      <Filter>Source Files</Filter>
    </ClCompile>
    <ClCompile Include="bz2\bzlib.c">
      <Filter>Source Files</Filter>
    </ClCompile>
    <ClCompile Include="zlib\crc32.c">
      <Filter>Source Files</Filter>
    </ClCompile>
    <ClCompile Include="bz2\crctable.c">
      <Filter>Source Files</Filter>
    </ClCompile>
    <ClCompile Include="bz2\decompress.c">
      <Filter>Source Files</Filter>
    </ClCompile>
    <ClCompile Include="filetype.cpp">
      <Filter>Source Files</Filter>
    </ClCompile>
    <ClCompile Include="zlib\gzio.c">
      <Filter>Source Files</Filter>
    </ClCompile>
    <ClCompile Include="bz2\huffman.c">
      <Filter>Source Files</Filter>
    </ClCompile>
    <ClCompile Include="zlib\inffast.c">
      <Filter>Source Files</Filter>
    </ClCompile>
    <ClCompile Include="zlib\inflate.c">
      <Filter>Source Files</Filter>
    </ClCompile>
    <ClCompile Include="zlib\inftrees.c">
      <Filter>Source Files</Filter>
    </ClCompile>
    <ClCompile Include="lzma\lzma.c">
      <Filter>Source Files</Filter>
    </ClCompile>
    <ClCompile Include="lzma\LzmaDecode.c">
      <Filter>Source Files</Filter>
    </ClCompile>
    <ClCompile Include="miniclib.c">
      <Filter>Source Files</Filter>
    </ClCompile>
    <ClCompile Include="nsisUtils.c">
      <Filter>Source Files</Filter>
    </ClCompile>
    <ClCompile Include="bz2\randtable.c">
      <Filter>Source Files</Filter>
    </ClCompile>
    <ClCompile Include="untar.c">
      <Filter>Source Files</Filter>
    </ClCompile>
    <ClCompile Include="untgz.cpp">
      <Filter>Source Files</Filter>
    </ClCompile>
    <ClCompile Include="zlib\zutil.c">
      <Filter>Source Files</Filter>
    </ClCompile>
  </ItemGroup>
  <ItemGroup>
    <ClInclude Include="bz2\bz2.h">
      <Filter>Header Files</Filter>
    </ClInclude>
    <ClInclude Include="bz2\bzlib_private.h">
      <Filter>Header Files</Filter>
    </ClInclude>
    <ClInclude Include="zlib\crc32.h">
      <Filter>Header Files</Filter>
    </ClInclude>
    <ClInclude Include="zlib\inffast.h">
      <Filter>Header Files</Filter>
    </ClInclude>
    <ClInclude Include="zlib\inffixed.h">
      <Filter>Header Files</Filter>
    </ClInclude>
    <ClInclude Include="zlib\inflate.h">
      <Filter>Header Files</Filter>
    </ClInclude>
    <ClInclude Include="zlib\inftrees.h">
      <Filter>Header Files</Filter>
    </ClInclude>
    <ClInclude Include="lzma\lzma.h">
      <Filter>Header Files</Filter>
    </ClInclude>
    <ClInclude Include="lzma\LzmaDecode.h">
      <Filter>Header Files</Filter>
    </ClInclude>
    <ClInclude Include="miniclib.h">
      <Filter>Header Files</Filter>
    </ClInclude>
    <ClInclude Include="nsisUtils.h">
      <Filter>Header Files</Filter>
    </ClInclude>
    <ClInclude Include="untar.h">
      <Filter>Header Files</Filter>
    </ClInclude>
    <ClInclude Include="zlib\zconf.h">
      <Filter>Header Files</Filter>
    </ClInclude>
    <ClInclude Include="zlib\zlib.h">
      <Filter>Header Files</Filter>
    </ClInclude>
    <ClInclude Include="zlib\zutil.h">
      <Filter>Header Files</Filter>
    </ClInclude>
  </ItemGroup>
  <ItemGroup>
    <ResourceCompile Include="untgz.rc">
      <Filter>Resource Files</Filter>
    </ResourceCompile>
  </ItemGroup>
</Project>